github.com/Nyarum/diho_bytes_generate v0.0.0-20240529080134-503cda6b7f62 h1:1E2/Nlcybf74c9o0TixWHWNchrAaEGTd8tE3bC+upFQ=
github.com/Nyarum/diho_bytes_generate v0.0.0-20240529080134-503cda6b7f62/go.mod h1:1tkWQVKvduz7KQKFTNlPqoXoqv2tGXSdOXfGVSX6OgA=
github.com/Nyarum/diho_bytes_generate v0.0.2 h1:SqzrgDWySwNXZgT5cGx8BK+PV+gGpm3yNzUlxn2BaUQ=
github.com/Nyarum/diho_bytes_generate v0.0.2/go.mod h1:1tkWQVKvduz7KQKFTNlPqoXoqv2tGXSdOXfGVSX6OgA=
github.com/Nyarum/diho_bytes_generate v0.0.3 h1:mUCZ5aaH2wFNEWX4RGQyj2g4mql+YNGVxl87vVZfWY4=
github.com/Nyarum/diho_bytes_generate v0.0.3/go.mod h1:1tkWQVKvduz7KQKFTNlPqoXoqv2tGXSdOXfGVSX6OgA=
github.com/Nyarum/diho_bytes_generate v0.0.4 h1:V6TaBOpBv/CEvZH1T8xnTCNFRNQIA3rGRy0Ur+D9sg0=
github.com/Nyarum/diho_bytes_generate v0.0.4/go.mod h1:1tkWQVKvduz7KQKFTNlPqoXoqv2tGXSdOXfGVSX6OgA=
github.com/Nyarum/diho_bytes_generate v0.0.5 h1:XYlJtguEVNqeJGbE5puOUJXJEt6uUhWWcmHBYiTDoh0=
github.com/Nyarum/diho_bytes_generate v0.0.5/go.mod h1:1tkWQVKvduz7KQKFTNlPqoXoqv2tGXSdOXfGVSX6OgA=
github.com/Nyarum/diho_bytes_generate v0.0.6 h1:3YrblEP//iZdKpKXo277bwEXVnNplzDvi5mvgLblHrA=
github.com/Nyarum/diho_bytes_generate v0.0.6/go.mod h1:1tkWQVKvduz7KQKFTNlPqoXoqv2tGXSdOXfGVSX6OgA=
github.com/google/uuid v1.6.0 h1:NIvaJDMOsjHA8n1jAhLSgzrAzy1Hgr+hNrb57e+94F0=
github.com/google/uuid v1.6.0/go.mod h1:TIyPZe4MgqvfeYDBFedMoGGpEw/LqOeaOT+nhxU+yHo=
github.com/valyala/bytebufferpool v1.0.0 h1:GqA5TC/0021Y/b9FG4Oi9Mr3q7XYx6KllzawFIhcdPw=
github.com/valyala/bytebufferpool v1.0.0/go.mod h1:6bBcMArwyJ5K/AmCkWv1jt77kVWyCJ6HpOuEn7z0Csc=
